// !$*UTF8*$!
{
	archiveVersion = 1;
	classes = {
	};
	objectVersion = 50;
	objects = {

/* Begin PBXBuildFile section */
		CD44B3F72531B01B00F939B3 /* HolderViewController.swift in Sources */ = {isa = PBXBuildFile; fileRef = CD44B3F62531B01B00F939B3 /* HolderViewController.swift */; };
		CD44B3F82531B01B00F939B3 /* HolderViewController.swift in Sources */ = {isa = PBXBuildFile; fileRef = CD44B3F62531B01B00F939B3 /* HolderViewController.swift */; };
		CD44B3F92531B01B00F939B3 /* HolderViewController.swift in Sources */ = {isa = PBXBuildFile; fileRef = CD44B3F62531B01B00F939B3 /* HolderViewController.swift */; };
		CD44B3FC2531B05500F939B3 /* HolderView.xib in Resources */ = {isa = PBXBuildFile; fileRef = CD44B3FB2531B05500F939B3 /* HolderView.xib */; };
		CD44B3FD2531B05500F939B3 /* HolderView.xib in Resources */ = {isa = PBXBuildFile; fileRef = CD44B3FB2531B05500F939B3 /* HolderView.xib */; };
		CD44B3FE2531B05500F939B3 /* HolderView.xib in Resources */ = {isa = PBXBuildFile; fileRef = CD44B3FB2531B05500F939B3 /* HolderView.xib */; };
		CD44B4012531B1F500F939B3 /* SCUtilities.swift in Sources */ = {isa = PBXBuildFile; fileRef = CD44B4002531B1F500F939B3 /* SCUtilities.swift */; };
		CD44B4022531B1F500F939B3 /* SCUtilities.swift in Sources */ = {isa = PBXBuildFile; fileRef = CD44B4002531B1F500F939B3 /* SCUtilities.swift */; };
		CD44B4032531B1F500F939B3 /* SCUtilities.swift in Sources */ = {isa = PBXBuildFile; fileRef = CD44B4002531B1F500F939B3 /* SCUtilities.swift */; };
		CD44B40625320EE300F939B3 /* SCButton.swift in Sources */ = {isa = PBXBuildFile; fileRef = CD44B40525320EE300F939B3 /* SCButton.swift */; };
		CD44B40725320EE300F939B3 /* SCButton.swift in Sources */ = {isa = PBXBuildFile; fileRef = CD44B40525320EE300F939B3 /* SCButton.swift */; };
		CD44B40825320EE300F939B3 /* SCButton.swift in Sources */ = {isa = PBXBuildFile; fileRef = CD44B40525320EE300F939B3 /* SCButton.swift */; };
		CD5454CE252F0951008A173A /* AppDelegate.swift in Sources */ = {isa = PBXBuildFile; fileRef = CD5454CD252F0951008A173A /* AppDelegate.swift */; };
		CD5454D0252F0951008A173A /* SceneDelegate.swift in Sources */ = {isa = PBXBuildFile; fileRef = CD5454CF252F0951008A173A /* SceneDelegate.swift */; };
		CD5454D2252F0951008A173A /* ViewController.swift in Sources */ = {isa = PBXBuildFile; fileRef = CD5454D1252F0951008A173A /* ViewController.swift */; };
		CD5454D5252F0951008A173A /* Main.storyboard in Resources */ = {isa = PBXBuildFile; fileRef = CD5454D3252F0951008A173A /* Main.storyboard */; };
		CD5454D8252F0951008A173A /* SwiftLoginComponent.xcdatamodeld in Sources */ = {isa = PBXBuildFile; fileRef = CD5454D6252F0951008A173A /* SwiftLoginComponent.xcdatamodeld */; };
		CD5454DA252F0963008A173A /* Assets.xcassets in Resources */ = {isa = PBXBuildFile; fileRef = CD5454D9252F0963008A173A /* Assets.xcassets */; };
		CD5454DD252F0963008A173A /* LaunchScreen.storyboard in Resources */ = {isa = PBXBuildFile; fileRef = CD5454DB252F0963008A173A /* LaunchScreen.storyboard */; };
		CD5454E8252F0963008A173A /* SwiftLoginComponentTests.swift in Sources */ = {isa = PBXBuildFile; fileRef = CD5454E7252F0963008A173A /* SwiftLoginComponentTests.swift */; };
		CD5454F3252F0963008A173A /* SwiftLoginComponentUITests.swift in Sources */ = {isa = PBXBuildFile; fileRef = CD5454F2252F0963008A173A /* SwiftLoginComponentUITests.swift */; };
		CD545501252F397A008A173A /* UserModel.swift in Sources */ = {isa = PBXBuildFile; fileRef = CD545500252F397A008A173A /* UserModel.swift */; };
		CD545502252F397A008A173A /* UserModel.swift in Sources */ = {isa = PBXBuildFile; fileRef = CD545500252F397A008A173A /* UserModel.swift */; };
		CD545547252F8B26008A173A /* User.swift in Sources */ = {isa = PBXBuildFile; fileRef = CD545546252F8B26008A173A /* User.swift */; };
		CD545548252F8B26008A173A /* User.swift in Sources */ = {isa = PBXBuildFile; fileRef = CD545546252F8B26008A173A /* User.swift */; };
		CD545549252F8B26008A173A /* User.swift in Sources */ = {isa = PBXBuildFile; fileRef = CD545546252F8B26008A173A /* User.swift */; };
		CD8327F52536038000928F0E /* SCTextView.swift in Sources */ = {isa = PBXBuildFile; fileRef = CD8327F42536038000928F0E /* SCTextView.swift */; };
		CD8327F62536038000928F0E /* SCTextView.swift in Sources */ = {isa = PBXBuildFile; fileRef = CD8327F42536038000928F0E /* SCTextView.swift */; };
		CD8327F72536038000928F0E /* SCTextView.swift in Sources */ = {isa = PBXBuildFile; fileRef = CD8327F42536038000928F0E /* SCTextView.swift */; };
/* End PBXBuildFile section */

/* Begin PBXContainerItemProxy section */
		CD5454E4252F0963008A173A /* PBXContainerItemProxy */ = {
			isa = PBXContainerItemProxy;
			containerPortal = CD5454C2252F0951008A173A /* Project object */;
			proxyType = 1;
			remoteGlobalIDString = CD5454C9252F0951008A173A;
			remoteInfo = SwiftLoginComponent;
		};
		CD5454EF252F0963008A173A /* PBXContainerItemProxy */ = {
			isa = PBXContainerItemProxy;
			containerPortal = CD5454C2252F0951008A173A /* Project object */;
			proxyType = 1;
			remoteGlobalIDString = CD5454C9252F0951008A173A;
			remoteInfo = SwiftLoginComponent;
		};
/* End PBXContainerItemProxy section */

/* Begin PBXFileReference section */
		CD44B3F62531B01B00F939B3 /* HolderViewController.swift */ = {isa = PBXFileReference; lastKnownFileType = sourcecode.swift; path = HolderViewController.swift; sourceTree = "<group>"; };
		CD44B3FB2531B05500F939B3 /* HolderView.xib */ = {isa = PBXFileReference; lastKnownFileType = file.xib; path = HolderView.xib; sourceTree = "<group>"; };
		CD44B4002531B1F500F939B3 /* SCUtilities.swift */ = {isa = PBXFileReference; lastKnownFileType = sourcecode.swift; path = SCUtilities.swift; sourceTree = "<group>"; };
		CD44B40525320EE300F939B3 /* SCButton.swift */ = {isa = PBXFileReference; lastKnownFileType = sourcecode.swift; path = SCButton.swift; sourceTree = "<group>"; };
		CD5454CA252F0951008A173A /* SwiftLoginComponent.app */ = {isa = PBXFileReference; explicitFileType = wrapper.application; includeInIndex = 0; path = SwiftLoginComponent.app; sourceTree = BUILT_PRODUCTS_DIR; };
		CD5454CD252F0951008A173A /* AppDelegate.swift */ = {isa = PBXFileReference; lastKnownFileType = sourcecode.swift; path = AppDelegate.swift; sourceTree = "<group>"; };
		CD5454CF252F0951008A173A /* SceneDelegate.swift */ = {isa = PBXFileReference; lastKnownFileType = sourcecode.swift; path = SceneDelegate.swift; sourceTree = "<group>"; };
		CD5454D1252F0951008A173A /* ViewController.swift */ = {isa = PBXFileReference; lastKnownFileType = sourcecode.swift; path = ViewController.swift; sourceTree = "<group>"; };
		CD5454D4252F0951008A173A /* Base */ = {isa = PBXFileReference; lastKnownFileType = file.storyboard; name = Base; path = Base.lproj/Main.storyboard; sourceTree = "<group>"; };
		CD5454D7252F0951008A173A /* SwiftLoginComponent.xcdatamodel */ = {isa = PBXFileReference; lastKnownFileType = wrapper.xcdatamodel; path = SwiftLoginComponent.xcdatamodel; sourceTree = "<group>"; };
		CD5454D9252F0963008A173A /* Assets.xcassets */ = {isa = PBXFileReference; lastKnownFileType = folder.assetcatalog; path = Assets.xcassets; sourceTree = "<group>"; };
		CD5454DC252F0963008A173A /* Base */ = {isa = PBXFileReference; lastKnownFileType = file.storyboard; name = Base; path = Base.lproj/LaunchScreen.storyboard; sourceTree = "<group>"; };
		CD5454DE252F0963008A173A /* Info.plist */ = {isa = PBXFileReference; lastKnownFileType = text.plist.xml; path = Info.plist; sourceTree = "<group>"; };
		CD5454E3252F0963008A173A /* SwiftLoginComponentTests.xctest */ = {isa = PBXFileReference; explicitFileType = wrapper.cfbundle; includeInIndex = 0; path = SwiftLoginComponentTests.xctest; sourceTree = BUILT_PRODUCTS_DIR; };
		CD5454E7252F0963008A173A /* SwiftLoginComponentTests.swift */ = {isa = PBXFileReference; lastKnownFileType = sourcecode.swift; path = SwiftLoginComponentTests.swift; sourceTree = "<group>"; };
		CD5454E9252F0963008A173A /* Info.plist */ = {isa = PBXFileReference; lastKnownFileType = text.plist.xml; path = Info.plist; sourceTree = "<group>"; };
		CD5454EE252F0963008A173A /* SwiftLoginComponentUITests.xctest */ = {isa = PBXFileReference; explicitFileType = wrapper.cfbundle; includeInIndex = 0; path = SwiftLoginComponentUITests.xctest; sourceTree = BUILT_PRODUCTS_DIR; };
		CD5454F2252F0963008A173A /* SwiftLoginComponentUITests.swift */ = {isa = PBXFileReference; lastKnownFileType = sourcecode.swift; path = SwiftLoginComponentUITests.swift; sourceTree = "<group>"; };
		CD5454F4252F0963008A173A /* Info.plist */ = {isa = PBXFileReference; lastKnownFileType = text.plist.xml; path = Info.plist; sourceTree = "<group>"; };
		CD545500252F397A008A173A /* UserModel.swift */ = {isa = PBXFileReference; lastKnownFileType = sourcecode.swift; path = UserModel.swift; sourceTree = "<group>"; };
		CD545546252F8B26008A173A /* User.swift */ = {isa = PBXFileReference; lastKnownFileType = sourcecode.swift; path = User.swift; sourceTree = "<group>"; };
		CD8327F42536038000928F0E /* SCTextView.swift */ = {isa = PBXFileReference; lastKnownFileType = sourcecode.swift; path = SCTextView.swift; sourceTree = "<group>"; };
/* End PBXFileReference section */

/* Begin PBXFrameworksBuildPhase section */
		CD5454C7252F0951008A173A /* Frameworks */ = {
			isa = PBXFrameworksBuildPhase;
			buildActionMask = 2147483647;
			files = (
			);
			runOnlyForDeploymentPostprocessing = 0;
		};
		CD5454E0252F0963008A173A /* Frameworks */ = {
			isa = PBXFrameworksBuildPhase;
			buildActionMask = 2147483647;
			files = (
			);
			runOnlyForDeploymentPostprocessing = 0;
		};
		CD5454EB252F0963008A173A /* Frameworks */ = {
			isa = PBXFrameworksBuildPhase;
			buildActionMask = 2147483647;
			files = (
			);
			runOnlyForDeploymentPostprocessing = 0;
		};
/* End PBXFrameworksBuildPhase section */

/* Begin PBXGroup section */
		CD44B3FA2531B02700F939B3 /* StoryBoard */ = {
			isa = PBXGroup;
			children = (
				CD44B3FB2531B05500F939B3 /* HolderView.xib */,
			);
			path = StoryBoard;
			sourceTree = "<group>";
		};
		CD44B3FF2531B1A700F939B3 /* Utilities */ = {
			isa = PBXGroup;
			children = (
				CD44B4002531B1F500F939B3 /* SCUtilities.swift */,
			);
			path = Utilities;
			sourceTree = "<group>";
		};
		CD44B40425320EB900F939B3 /* CustomViews */ = {
			isa = PBXGroup;
			children = (
				CD44B40525320EE300F939B3 /* SCButton.swift */,
				CD8327F42536038000928F0E /* SCTextView.swift */,
			);
			path = CustomViews;
			sourceTree = "<group>";
		};
		CD44B40925320F0B00F939B3 /* Extensions */ = {
			isa = PBXGroup;
			children = (
			);
			path = Extensions;
			sourceTree = "<group>";
		};
		CD5454C1252F0951008A173A = {
			isa = PBXGroup;
			children = (
				CD5454CC252F0951008A173A /* SwiftLoginComponent */,
				CD5454E6252F0963008A173A /* SwiftLoginComponentTests */,
				CD5454F1252F0963008A173A /* SwiftLoginComponentUITests */,
				CD5454CB252F0951008A173A /* Products */,
			);
			sourceTree = "<group>";
		};
		CD5454CB252F0951008A173A /* Products */ = {
			isa = PBXGroup;
			children = (
				CD5454CA252F0951008A173A /* SwiftLoginComponent.app */,
				CD5454E3252F0963008A173A /* SwiftLoginComponentTests.xctest */,
				CD5454EE252F0963008A173A /* SwiftLoginComponentUITests.xctest */,
			);
			name = Products;
			sourceTree = "<group>";
		};
		CD5454CC252F0951008A173A /* SwiftLoginComponent */ = {
			isa = PBXGroup;
			children = (
				CD44B40925320F0B00F939B3 /* Extensions */,
				CD44B3FF2531B1A700F939B3 /* Utilities */,
				CD545544252F8AB2008A173A /* ViewModel */,
				CD545543252F8AA4008A173A /* View */,
				CD545542252F8A9A008A173A /* Model */,
				CD5454CD252F0951008A173A /* AppDelegate.swift */,
				CD5454CF252F0951008A173A /* SceneDelegate.swift */,
				CD5454D3252F0951008A173A /* Main.storyboard */,
				CD5454D9252F0963008A173A /* Assets.xcassets */,
				CD5454DB252F0963008A173A /* LaunchScreen.storyboard */,
				CD5454DE252F0963008A173A /* Info.plist */,
				CD5454D6252F0951008A173A /* SwiftLoginComponent.xcdatamodeld */,
				CD545500252F397A008A173A /* UserModel.swift */,
			);
			path = SwiftLoginComponent;
			sourceTree = "<group>";
		};
		CD5454E6252F0963008A173A /* SwiftLoginComponentTests */ = {
			isa = PBXGroup;
			children = (
				CD5454E7252F0963008A173A /* SwiftLoginComponentTests.swift */,
				CD5454E9252F0963008A173A /* Info.plist */,
			);
			path = SwiftLoginComponentTests;
			sourceTree = "<group>";
		};
		CD5454F1252F0963008A173A /* SwiftLoginComponentUITests */ = {
			isa = PBXGroup;
			children = (
				CD5454F2252F0963008A173A /* SwiftLoginComponentUITests.swift */,
				CD5454F4252F0963008A173A /* Info.plist */,
			);
			path = SwiftLoginComponentUITests;
			sourceTree = "<group>";
		};
		CD545542252F8A9A008A173A /* Model */ = {
			isa = PBXGroup;
			children = (
				CD545546252F8B26008A173A /* User.swift */,
			);
			path = Model;
			sourceTree = "<group>";
		};
		CD545543252F8AA4008A173A /* View */ = {
			isa = PBXGroup;
			children = (
				CD44B40425320EB900F939B3 /* CustomViews */,
				CD44B3FA2531B02700F939B3 /* StoryBoard */,
				CD545545252F8AD2008A173A /* Controller */,
			);
			path = View;
			sourceTree = "<group>";
		};
		CD545544252F8AB2008A173A /* ViewModel */ = {
			isa = PBXGroup;
			children = (
			);
			path = ViewModel;
			sourceTree = "<group>";
		};
		CD545545252F8AD2008A173A /* Controller */ = {
			isa = PBXGroup;
			children = (
				CD5454D1252F0951008A173A /* ViewController.swift */,
				CD44B3F62531B01B00F939B3 /* HolderViewController.swift */,
			);
			path = Controller;
			sourceTree = "<group>";
		};
/* End PBXGroup section */

/* Begin PBXNativeTarget section */
		CD5454C9252F0951008A173A /* SwiftLoginComponent */ = {
			isa = PBXNativeTarget;
			buildConfigurationList = CD5454F7252F0963008A173A /* Build configuration list for PBXNativeTarget "SwiftLoginComponent" */;
			buildPhases = (
				CD5454C6252F0951008A173A /* Sources */,
				CD5454C7252F0951008A173A /* Frameworks */,
				CD5454C8252F0951008A173A /* Resources */,
			);
			buildRules = (
			);
			dependencies = (
			);
			name = SwiftLoginComponent;
			productName = SwiftLoginComponent;
			productReference = CD5454CA252F0951008A173A /* SwiftLoginComponent.app */;
			productType = "com.apple.product-type.application";
		};
		CD5454E2252F0963008A173A /* SwiftLoginComponentTests */ = {
			isa = PBXNativeTarget;
			buildConfigurationList = CD5454FA252F0963008A173A /* Build configuration list for PBXNativeTarget "SwiftLoginComponentTests" */;
			buildPhases = (
				CD5454DF252F0963008A173A /* Sources */,
				CD5454E0252F0963008A173A /* Frameworks */,
				CD5454E1252F0963008A173A /* Resources */,
			);
			buildRules = (
			);
			dependencies = (
				CD5454E5252F0963008A173A /* PBXTargetDependency */,
			);
			name = SwiftLoginComponentTests;
			productName = SwiftLoginComponentTests;
			productReference = CD5454E3252F0963008A173A /* SwiftLoginComponentTests.xctest */;
			productType = "com.apple.product-type.bundle.unit-test";
		};
		CD5454ED252F0963008A173A /* SwiftLoginComponentUITests */ = {
			isa = PBXNativeTarget;
			buildConfigurationList = CD5454FD252F0963008A173A /* Build configuration list for PBXNativeTarget "SwiftLoginComponentUITests" */;
			buildPhases = (
				CD5454EA252F0963008A173A /* Sources */,
				CD5454EB252F0963008A173A /* Frameworks */,
				CD5454EC252F0963008A173A /* Resources */,
			);
			buildRules = (
			);
			dependencies = (
				CD5454F0252F0963008A173A /* PBXTargetDependency */,
			);
			name = SwiftLoginComponentUITests;
			productName = SwiftLoginComponentUITests;
			productReference = CD5454EE252F0963008A173A /* SwiftLoginComponentUITests.xctest */;
			productType = "com.apple.product-type.bundle.ui-testing";
		};
/* End PBXNativeTarget section */

/* Begin PBXProject section */
		CD5454C2252F0951008A173A /* Project object */ = {
			isa = PBXProject;
			attributes = {
				LastSwiftUpdateCheck = 1130;
				LastUpgradeCheck = 1130;
				ORGANIZATIONNAME = "Prakash Sengirayar";
				TargetAttributes = {
					CD5454C9252F0951008A173A = {
						CreatedOnToolsVersion = 11.3.1;
					};
					CD5454E2252F0963008A173A = {
						CreatedOnToolsVersion = 11.3.1;
						TestTargetID = CD5454C9252F0951008A173A;
					};
					CD5454ED252F0963008A173A = {
						CreatedOnToolsVersion = 11.3.1;
						TestTargetID = CD5454C9252F0951008A173A;
					};
				};
			};
			buildConfigurationList = CD5454C5252F0951008A173A /* Build configuration list for PBXProject "SwiftLoginComponent" */;
			compatibilityVersion = "Xcode 9.3";
			developmentRegion = en;
			hasScannedForEncodings = 0;
			knownRegions = (
				en,
				Base,
			);
			mainGroup = CD5454C1252F0951008A173A;
			productRefGroup = CD5454CB252F0951008A173A /* Products */;
			projectDirPath = "";
			projectRoot = "";
			targets = (
				CD5454C9252F0951008A173A /* SwiftLoginComponent */,
				CD5454E2252F0963008A173A /* SwiftLoginComponentTests */,
				CD5454ED252F0963008A173A /* SwiftLoginComponentUITests */,
			);
		};
/* End PBXProject section */

/* Begin PBXResourcesBuildPhase section */
		CD5454C8252F0951008A173A /* Resources */ = {
			isa = PBXResourcesBuildPhase;
			buildActionMask = 2147483647;
			files = (
				CD44B3FC2531B05500F939B3 /* HolderView.xib in Resources */,
				CD5454DD252F0963008A173A /* LaunchScreen.storyboard in Resources */,
				CD5454DA252F0963008A173A /* Assets.xcassets in Resources */,
				CD5454D5252F0951008A173A /* Main.storyboard in Resources */,
			);
			runOnlyForDeploymentPostprocessing = 0;
		};
		CD5454E1252F0963008A173A /* Resources */ = {
			isa = PBXResourcesBuildPhase;
			buildActionMask = 2147483647;
			files = (
				CD44B3FD2531B05500F939B3 /* HolderView.xib in Resources */,
			);
			runOnlyForDeploymentPostprocessing = 0;
		};
		CD5454EC252F0963008A173A /* Resources */ = {
			isa = PBXResourcesBuildPhase;
			buildActionMask = 2147483647;
			files = (
				CD44B3FE2531B05500F939B3 /* HolderView.xib in Resources */,
			);
			runOnlyForDeploymentPostprocessing = 0;
		};
/* End PBXResourcesBuildPhase section */

/* Begin PBXSourcesBuildPhase section */
		CD5454C6252F0951008A173A /* Sources */ = {
			isa = PBXSourcesBuildPhase;
			buildActionMask = 2147483647;
			files = (
				CD5454D2252F0951008A173A /* ViewController.swift in Sources */,
				CD5454CE252F0951008A173A /* AppDelegate.swift in Sources */,
				CD44B3F72531B01B00F939B3 /* HolderViewController.swift in Sources */,
				CD8327F52536038000928F0E /* SCTextView.swift in Sources */,
				CD545547252F8B26008A173A /* User.swift in Sources */,
				CD5454D8252F0951008A173A /* SwiftLoginComponent.xcdatamodeld in Sources */,
				CD545501252F397A008A173A /* UserModel.swift in Sources */,
				CD44B4012531B1F500F939B3 /* SCUtilities.swift in Sources */,
				CD44B40625320EE300F939B3 /* SCButton.swift in Sources */,
				CD5454D0252F0951008A173A /* SceneDelegate.swift in Sources */,
			);
			runOnlyForDeploymentPostprocessing = 0;
		};
		CD5454DF252F0963008A173A /* Sources */ = {
			isa = PBXSourcesBuildPhase;
			buildActionMask = 2147483647;
			files = (
				CD545502252F397A008A173A /* UserModel.swift in Sources */,
				CD44B40725320EE300F939B3 /* SCButton.swift in Sources */,
				CD44B4022531B1F500F939B3 /* SCUtilities.swift in Sources */,
				CD5454E8252F0963008A173A /* SwiftLoginComponentTests.swift in Sources */,
				CD8327F62536038000928F0E /* SCTextView.swift in Sources */,
				CD44B3F82531B01B00F939B3 /* HolderViewController.swift in Sources */,
				CD545548252F8B26008A173A /* User.swift in Sources */,
			);
			runOnlyForDeploymentPostprocessing = 0;
		};
		CD5454EA252F0963008A173A /* Sources */ = {
			isa = PBXSourcesBuildPhase;
			buildActionMask = 2147483647;
			files = (
				CD44B40825320EE300F939B3 /* SCButton.swift in Sources */,
				CD8327F72536038000928F0E /* SCTextView.swift in Sources */,
				CD44B3F92531B01B00F939B3 /* HolderViewController.swift in Sources */,
				CD545549252F8B26008A173A /* User.swift in Sources */,
				CD44B4032531B1F500F939B3 /* SCUtilities.swift in Sources */,
				CD5454F3252F0963008A173A /* SwiftLoginComponentUITests.swift in Sources */,
			);
			runOnlyForDeploymentPostprocessing = 0;
		};
/* End PBXSourcesBuildPhase section */

/* Begin PBXTargetDependency section */
		CD5454E5252F0963008A173A /* PBXTargetDependency */ = {
			isa = PBXTargetDependency;
			target = CD5454C9252F0951008A173A /* SwiftLoginComponent */;
			targetProxy = CD5454E4252F0963008A173A /* PBXContainerItemProxy */;
		};
		CD5454F0252F0963008A173A /* PBXTargetDependency */ = {
			isa = PBXTargetDependency;
			target = CD5454C9252F0951008A173A /* SwiftLoginComponent */;
			targetProxy = CD5454EF252F0963008A173A /* PBXContainerItemProxy */;
		};
/* End PBXTargetDependency section */

/* Begin PBXVariantGroup section */
		CD5454D3252F0951008A173A /* Main.storyboard */ = {
			isa = PBXVariantGroup;
			children = (
				CD5454D4252F0951008A173A /* Base */,
			);
			name = Main.storyboard;
			sourceTree = "<group>";
		};
		CD5454DB252F0963008A173A /* LaunchScreen.storyboard */ = {
			isa = PBXVariantGroup;
			children = (
				CD5454DC252F0963008A173A /* Base */,
			);
			name = LaunchScreen.storyboard;
			sourceTree = "<group>";
		};
/* End PBXVariantGroup section */

/* Begin XCBuildConfiguration section */
		CD5454F5252F0963008A173A /* Debug */ = {
			isa = XCBuildConfiguration;
			buildSettings = {
				ALWAYS_SEARCH_USER_PATHS = NO;
				CLANG_ANALYZER_NONNULL = YES;
				CLANG_ANALYZER_NUMBER_OBJECT_CONVERSION = YES_AGGRESSIVE;
				CLANG_CXX_LANGUAGE_STANDARD = "gnu++14";
				CLANG_CXX_LIBRARY = "libc++";
				CLANG_ENABLE_MODULES = YES;
				CLANG_ENABLE_OBJC_ARC = YES;
				CLANG_ENABLE_OBJC_WEAK = YES;
				CLANG_WARN_BLOCK_CAPTURE_AUTORELEASING = YES;
				CLANG_WARN_BOOL_CONVERSION = YES;
				CLANG_WARN_COMMA = YES;
				CLANG_WARN_CONSTANT_CONVERSION = YES;
				CLANG_WARN_DEPRECATED_OBJC_IMPLEMENTATIONS = YES;
				CLANG_WARN_DIRECT_OBJC_ISA_USAGE = YES_ERROR;
				CLANG_WARN_DOCUMENTATION_COMMENTS = YES;
				CLANG_WARN_EMPTY_BODY = YES;
				CLANG_WARN_ENUM_CONVERSION = YES;
				CLANG_WARN_INFINITE_RECURSION = YES;
				CLANG_WARN_INT_CONVERSION = YES;
				CLANG_WARN_NON_LITERAL_NULL_CONVERSION = YES;
				CLANG_WARN_OBJC_IMPLICIT_RETAIN_SELF = YES;
				CLANG_WARN_OBJC_LITERAL_CONVERSION = YES;
				CLANG_WARN_OBJC_ROOT_CLASS = YES_ERROR;
				CLANG_WARN_RANGE_LOOP_ANALYSIS = YES;
				CLANG_WARN_STRICT_PROTOTYPES = YES;
				CLANG_WARN_SUSPICIOUS_MOVE = YES;
				CLANG_WARN_UNGUARDED_AVAILABILITY = YES_AGGRESSIVE;
				CLANG_WARN_UNREACHABLE_CODE = YES;
				CLANG_WARN__DUPLICATE_METHOD_MATCH = YES;
				COPY_PHASE_STRIP = NO;
				DEBUG_INFORMATION_FORMAT = dwarf;
				ENABLE_STRICT_OBJC_MSGSEND = YES;
				ENABLE_TESTABILITY = YES;
				GCC_C_LANGUAGE_STANDARD = gnu11;
				GCC_DYNAMIC_NO_PIC = NO;
				GCC_NO_COMMON_BLOCKS = YES;
				GCC_OPTIMIZATION_LEVEL = 0;
				GCC_PREPROCESSOR_DEFINITIONS = (
					"DEBUG=1",
					"$(inherited)",
				);
				GCC_WARN_64_TO_32_BIT_CONVERSION = YES;
				GCC_WARN_ABOUT_RETURN_TYPE = YES_ERROR;
				GCC_WARN_UNDECLARED_SELECTOR = YES;
				GCC_WARN_UNINITIALIZED_AUTOS = YES_AGGRESSIVE;
				GCC_WARN_UNUSED_FUNCTION = YES;
				GCC_WARN_UNUSED_VARIABLE = YES;
				IPHONEOS_DEPLOYMENT_TARGET = 13.2;
				MTL_ENABLE_DEBUG_INFO = INCLUDE_SOURCE;
				MTL_FAST_MATH = YES;
				ONLY_ACTIVE_ARCH = YES;
				SDKROOT = iphoneos;
				SWIFT_ACTIVE_COMPILATION_CONDITIONS = DEBUG;
				SWIFT_OPTIMIZATION_LEVEL = "-Onone";
			};
			name = Debug;
		};
		CD5454F6252F0963008A173A /* Release */ = {
			isa = XCBuildConfiguration;
			buildSettings = {
				ALWAYS_SEARCH_USER_PATHS = NO;
				CLANG_ANALYZER_NONNULL = YES;
				CLANG_ANALYZER_NUMBER_OBJECT_CONVERSION = YES_AGGRESSIVE;
				CLANG_CXX_LANGUAGE_STANDARD = "gnu++14";
				CLANG_CXX_LIBRARY = "libc++";
				CLANG_ENABLE_MODULES = YES;
				CLANG_ENABLE_OBJC_ARC = YES;
				CLANG_ENABLE_OBJC_WEAK = YES;
				CLANG_WARN_BLOCK_CAPTURE_AUTORELEASING = YES;
				CLANG_WARN_BOOL_CONVERSION = YES;
				CLANG_WARN_COMMA = YES;
				CLANG_WARN_CONSTANT_CONVERSION = YES;
				CLANG_WARN_DEPRECATED_OBJC_IMPLEMENTATIONS = YES;
				CLANG_WARN_DIRECT_OBJC_ISA_USAGE = YES_ERROR;
				CLANG_WARN_DOCUMENTATION_COMMENTS = YES;
				CLANG_WARN_EMPTY_BODY = YES;
				CLANG_WARN_ENUM_CONVERSION = YES;
				CLANG_WARN_INFINITE_RECURSION = YES;
				CLANG_WARN_INT_CONVERSION = YES;
				CLANG_WARN_NON_LITERAL_NULL_CONVERSION = YES;
				CLANG_WARN_OBJC_IMPLICIT_RETAIN_SELF = YES;
				CLANG_WARN_OBJC_LITERAL_CONVERSION = YES;
				CLANG_WARN_OBJC_ROOT_CLASS = YES_ERROR;
				CLANG_WARN_RANGE_LOOP_ANALYSIS = YES;
				CLANG_WARN_STRICT_PROTOTYPES = YES;
				CLANG_WARN_SUSPICIOUS_MOVE = YES;
				CLANG_WARN_UNGUARDED_AVAILABILITY = YES_AGGRESSIVE;
				CLANG_WARN_UNREACHABLE_CODE = YES;
				CLANG_WARN__DUPLICATE_METHOD_MATCH = YES;
				COPY_PHASE_STRIP = NO;
				DEBUG_INFORMATION_FORMAT = "dwarf-with-dsym";
				ENABLE_NS_ASSERTIONS = NO;
				ENABLE_STRICT_OBJC_MSGSEND = YES;
				GCC_C_LANGUAGE_STANDARD = gnu11;
				GCC_NO_COMMON_BLOCKS = YES;
				GCC_WARN_64_TO_32_BIT_CONVERSION = YES;
				GCC_WARN_ABOUT_RETURN_TYPE = YES_ERROR;
				GCC_WARN_UNDECLARED_SELECTOR = YES;
				GCC_WARN_UNINITIALIZED_AUTOS = YES_AGGRESSIVE;
				GCC_WARN_UNUSED_FUNCTION = YES;
				GCC_WARN_UNUSED_VARIABLE = YES;
				IPHONEOS_DEPLOYMENT_TARGET = 13.2;
				MTL_ENABLE_DEBUG_INFO = NO;
				MTL_FAST_MATH = YES;
				SDKROOT = iphoneos;
				SWIFT_COMPILATION_MODE = wholemodule;
				SWIFT_OPTIMIZATION_LEVEL = "-O";
				VALIDATE_PRODUCT = YES;
			};
			name = Release;
		};
		CD5454F8252F0963008A173A /* Debug */ = {
			isa = XCBuildConfiguration;
			buildSettings = {
				ASSETCATALOG_COMPILER_APPICON_NAME = AppIcon;
				CODE_SIGN_STYLE = Automatic;
				INFOPLIST_FILE = SwiftLoginComponent/Info.plist;
				LD_RUNPATH_SEARCH_PATHS = (
					"$(inherited)",
					"@executable_path/Frameworks",
				);
				PRODUCT_BUNDLE_IDENTIFIER = com.prakash.SwiftLoginComponent;
				PRODUCT_NAME = "$(TARGET_NAME)";
				SWIFT_VERSION = 5.0;
				TARGETED_DEVICE_FAMILY = "1,2";
			};
			name = Debug;
		};
		CD5454F9252F0963008A173A /* Release */ = {
			isa = XCBuildConfiguration;
			buildSettings = {
				ASSETCATALOG_COMPILER_APPICON_NAME = AppIcon;
				CODE_SIGN_STYLE = Automatic;
				INFOPLIST_FILE = SwiftLoginComponent/Info.plist;
				LD_RUNPATH_SEARCH_PATHS = (
					"$(inherited)",
					"@executable_path/Frameworks",
				);
				PRODUCT_BUNDLE_IDENTIFIER = com.prakash.SwiftLoginComponent;
				PRODUCT_NAME = "$(TARGET_NAME)";
				SWIFT_VERSION = 5.0;
				TARGETED_DEVICE_FAMILY = "1,2";
			};
			name = Release;
		};
		CD5454FB252F0963008A173A /* Debug */ = {
			isa = XCBuildConfiguration;
			buildSettings = {
				ALWAYS_EMBED_SWIFT_STANDARD_LIBRARIES = YES;
				BUNDLE_LOADER = "$(TEST_HOST)";
				CODE_SIGN_STYLE = Automatic;
				INFOPLIST_FILE = SwiftLoginComponentTests/Info.plist;
				IPHONEOS_DEPLOYMENT_TARGET = 13.2;
				LD_RUNPATH_SEARCH_PATHS = (
					"$(inherited)",
					"@executable_path/Frameworks",
					"@loader_path/Frameworks",
				);
				PRODUCT_BUNDLE_IDENTIFIER = com.prakash.SwiftLoginComponentTests;
				PRODUCT_NAME = "$(TARGET_NAME)";
				SWIFT_VERSION = 5.0;
				TARGETED_DEVICE_FAMILY = "1,2";
				TEST_HOST = "$(BUILT_PRODUCTS_DIR)/SwiftLoginComponent.app/SwiftLoginComponent";
			};
			name = Debug;
		};
		CD5454FC252F0963008A173A /* Release */ = {
			isa = XCBuildConfiguration;
			buildSettings = {
				ALWAYS_EMBED_SWIFT_STANDARD_LIBRARIES = YES;
				BUNDLE_LOADER = "$(TEST_HOST)";
				CODE_SIGN_STYLE = Automatic;
				INFOPLIST_FILE = SwiftLoginComponentTests/Info.plist;
				IPHONEOS_DEPLOYMENT_TARGET = 13.2;
				LD_RUNPATH_SEARCH_PATHS = (
					"$(inherited)",
					"@executable_path/Frameworks",
					"@loader_path/Frameworks",
				);
				PRODUCT_BUNDLE_IDENTIFIER = com.prakash.SwiftLoginComponentTests;
				PRODUCT_NAME = "$(TARGET_NAME)";
				SWIFT_VERSION = 5.0;
				TARGETED_DEVICE_FAMILY = "1,2";
				TEST_HOST = "$(BUILT_PRODUCTS_DIR)/SwiftLoginComponent.app/SwiftLoginComponent";
			};
			name = Release;
		};
		CD5454FE252F0963008A173A /* Debug */ = {
			isa = XCBuildConfiguration;
			buildSettings = {
				ALWAYS_EMBED_SWIFT_STANDARD_LIBRARIES = YES;
				CODE_SIGN_STYLE = Automatic;
				INFOPLIST_FILE = SwiftLoginComponentUITests/Info.plist;
				LD_RUNPATH_SEARCH_PATHS = (
					"$(inherited)",
					"@executable_path/Frameworks",
					"@loader_path/Frameworks",
				);
				PRODUCT_BUNDLE_IDENTIFIER = com.prakash.SwiftLoginComponentUITests;
				PRODUCT_NAME = "$(TARGET_NAME)";
				SWIFT_VERSION = 5.0;
				TARGETED_DEVICE_FAMILY = "1,2";
				TEST_TARGET_NAME = SwiftLoginComponent;
			};
			name = Debug;
		};
		CD5454FF252F0963008A173A /* Release */ = {
			isa = XCBuildConfiguration;
			buildSettings = {
				ALWAYS_EMBED_SWIFT_STANDARD_LIBRARIES = YES;
				CODE_SIGN_STYLE = Automatic;
				INFOPLIST_FILE = SwiftLoginComponentUITests/Info.plist;
				LD_RUNPATH_SEARCH_PATHS = (
					"$(inherited)",
					"@executable_path/Frameworks",
					"@loader_path/Frameworks",
				);
				PRODUCT_BUNDLE_IDENTIFIER = com.prakash.SwiftLoginComponentUITests;
				PRODUCT_NAME = "$(TARGET_NAME)";
				SWIFT_VERSION = 5.0;
				TARGETED_DEVICE_FAMILY = "1,2";
				TEST_TARGET_NAME = SwiftLoginComponent;
			};
			name = Release;
		};
/* End XCBuildConfiguration section */

/* Begin XCConfigurationList section */
		CD5454C5252F0951008A173A /* Build configuration list for PBXProject "SwiftLoginComponent" */ = {
			isa = XCConfigurationList;
			buildConfigurations = (
				CD5454F5252F0963008A173A /* Debug */,
				CD5454F6252F0963008A173A /* Release */,
			);
			defaultConfigurationIsVisible = 0;
			defaultConfigurationName = Release;
		};
		CD5454F7252F0963008A173A /* Build configuration list for PBXNativeTarget "SwiftLoginComponent" */ = {
			isa = XCConfigurationList;
			buildConfigurations = (
				CD5454F8252F0963008A173A /* Debug */,
				CD5454F9252F0963008A173A /* Release */,
			);
			defaultConfigurationIsVisible = 0;
			defaultConfigurationName = Release;
		};
		CD5454FA252F0963008A173A /* Build configuration list for PBXNativeTarget "SwiftLoginComponentTests" */ = {
			isa = XCConfigurationList;
			buildConfigurations = (
				CD5454FB252F0963008A173A /* Debug */,
				CD5454FC252F0963008A173A /* Release */,
			);
			defaultConfigurationIsVisible = 0;
			defaultConfigurationName = Release;
		};
		CD5454FD252F0963008A173A /* Build configuration list for PBXNativeTarget "SwiftLoginComponentUITests" */ = {
			isa = XCConfigurationList;
			buildConfigurations = (
				CD5454FE252F0963008A173A /* Debug */,
				CD5454FF252F0963008A173A /* Release */,
			);
			defaultConfigurationIsVisible = 0;
			defaultConfigurationName = Release;
		};
/* End XCConfigurationList section */

/* Begin XCVersionGroup section */
		CD5454D6252F0951008A173A /* SwiftLoginComponent.xcdatamodeld */ = {
			isa = XCVersionGroup;
			children = (
				CD5454D7252F0951008A173A /* SwiftLoginComponent.xcdatamodel */,
			);
			currentVersion = CD5454D7252F0951008A173A /* SwiftLoginComponent.xcdatamodel */;
			path = SwiftLoginComponent.xcdatamodeld;
			sourceTree = "<group>";
			versionGroupType = wrapper.xcdatamodel;
		};
/* End XCVersionGroup section */
	};
	rootObject = CD5454C2252F0951008A173A /* Project object */;
}
